PODS:
  - Flutter (1.0.0)
  - image_picker (0.0.1):
    - Flutter
  - qrcode_flutter (0.0.1):
    - Flutter

DEPENDENCIES:
  - Flutter (from `Flutter`)
  - image_picker (from `.symlinks/plugins/image_picker/ios`)
  - qrcode_flutter (from `.symlinks/plugins/qrcode_flutter/ios`)

EXTERNAL SOURCES:
  Flutter:
    :path: Flutter
  image_picker:
    :path: ".symlinks/plugins/image_picker/ios"
  qrcode_flutter:
    :path: ".symlinks/plugins/qrcode_flutter/ios"

SPEC CHECKSUMS:
  Flutter: 434fef37c0980e73bb6479ef766c45957d4b510c
  image_picker: 66aa71bc96850a90590a35d4c4a2907b0d823109
  qrcode_flutter: de88a439c5eebe01b38b647af520e674770d4462

PODFILE CHECKSUM: 8e679eca47255a8ca8067c4c67aab20e64cb974d

COCOAPODS: 1.10.1
